// !$*UTF8*$!
{
	archiveVersion = 1;
	classes = {
	};
	objectVersion = 56;
	objects = {

/* Begin PBXBuildFile section */
		D3362C432B7E09DC000487E8 /* Item.swift in Sources */ = {isa = PBXBuildFile; fileRef = D3362C422B7E09DC000487E8 /* Item.swift */; };
		D3A9CEB42B6159140082C089 /* AppDelegate.swift in Sources */ = {isa = PBXBuildFile; fileRef = D3A9CEB32B6159140082C089 /* AppDelegate.swift */; };
		D3A9CEB62B6159140082C089 /* SceneDelegate.swift in Sources */ = {isa = PBXBuildFile; fileRef = D3A9CEB52B6159140082C089 /* SceneDelegate.swift */; };
		D3A9CEB82B6159140082C089 /* TodoListViewController.swift in Sources */ = {isa = PBXBuildFile; fileRef = D3A9CEB72B6159140082C089 /* TodoListViewController.swift */; };
		D3A9CEBB2B6159140082C089 /* Main.storyboard in Resources */ = {isa = PBXBuildFile; fileRef = D3A9CEB92B6159140082C089 /* Main.storyboard */; };
		D3A9CEBE2B6159140082C089 /* ToDoListApp.xcdatamodeld in Sources */ = {isa = PBXBuildFile; fileRef = D3A9CEBC2B6159140082C089 /* ToDoListApp.xcdatamodeld */; };
		D3A9CEC02B6159160082C089 /* Assets.xcassets in Resources */ = {isa = PBXBuildFile; fileRef = D3A9CEBF2B6159160082C089 /* Assets.xcassets */; };
		D3A9CEC32B6159160082C089 /* LaunchScreen.storyboard in Resources */ = {isa = PBXBuildFile; fileRef = D3A9CEC12B6159160082C089 /* LaunchScreen.storyboard */; };
/* End PBXBuildFile section */

/* Begin PBXFileReference section */
		D3362C422B7E09DC000487E8 /* Item.swift */ = {isa = PBXFileReference; lastKnownFileType = sourcecode.swift; path = Item.swift; sourceTree = "<group>"; };
		D3A9CEB02B6159140082C089 /* ToDoListApp.app */ = {isa = PBXFileReference; explicitFileType = wrapper.application; includeInIndex = 0; path = ToDoListApp.app; sourceTree = BUILT_PRODUCTS_DIR; };
		D3A9CEB32B6159140082C089 /* AppDelegate.swift */ = {isa = PBXFileReference; lastKnownFileType = sourcecode.swift; path = AppDelegate.swift; sourceTree = "<group>"; };
		D3A9CEB52B6159140082C089 /* SceneDelegate.swift */ = {isa = PBXFileReference; lastKnownFileType = sourcecode.swift; path = SceneDelegate.swift; sourceTree = "<group>"; };
		D3A9CEB72B6159140082C089 /* TodoListViewController.swift */ = {isa = PBXFileReference; lastKnownFileType = sourcecode.swift; path = TodoListViewController.swift; sourceTree = "<group>"; };
		D3A9CEBA2B6159140082C089 /* Base */ = {isa = PBXFileReference; lastKnownFileType = file.storyboard; name = Base; path = Base.lproj/Main.storyboard; sourceTree = "<group>"; };
		D3A9CEBD2B6159140082C089 /* ToDoListApp.xcdatamodel */ = {isa = PBXFileReference; lastKnownFileType = wrapper.xcdatamodel; path = ToDoListApp.xcdatamodel; sourceTree = "<group>"; };
		D3A9CEBF2B6159160082C089 /* Assets.xcassets */ = {isa = PBXFileReference; lastKnownFileType = folder.assetcatalog; path = Assets.xcassets; sourceTree = "<group>"; };
		D3A9CEC22B6159160082C089 /* Base */ = {isa = PBXFileReference; lastKnownFileType = file.storyboard; name = Base; path = Base.lproj/LaunchScreen.storyboard; sourceTree = "<group>"; };
		D3A9CEC42B6159160082C089 /* Info.plist */ = {isa = PBXFileReference; lastKnownFileType = text.plist.xml; path = Info.plist; sourceTree = "<group>"; };
/* End PBXFileReference section */

/* Begin PBXFrameworksBuildPhase section */
		D3A9CEAD2B6159140082C089 /* Frameworks */ = {
			isa = PBXFrameworksBuildPhase;
			buildActionMask = 2147483647;
			files = (
			);
			runOnlyForDeploymentPostprocessing = 0;
		};
/* End PBXFrameworksBuildPhase section */

/* Begin PBXGroup section */
		D3362C442B7E09EA000487E8 /* Data Model */ = {
			isa = PBXGroup;
			children = (
				D3362C422B7E09DC000487E8 /* Item.swift */,
			);
			path = "Data Model";
			sourceTree = "<group>";
		};
		D3362C452B7E09F6000487E8 /* Controllers */ = {
			isa = PBXGroup;
			children = (
				D3A9CEB72B6159140082C089 /* TodoListViewController.swift */,
			);
			path = Controllers;
			sourceTree = "<group>";
		};
		D3362C462B7E0A09000487E8 /* View */ = {
			isa = PBXGroup;
			children = (
				D3A9CEB92B6159140082C089 /* Main.storyboard */,
			);
			path = View;
			sourceTree = "<group>";
		};
		D3362C472B7E0CD9000487E8 /* Supporting Files */ = {
			isa = PBXGroup;
			children = (
				D3A9CEBF2B6159160082C089 /* Assets.xcassets */,
				D3A9CEC12B6159160082C089 /* LaunchScreen.storyboard */,
			);
			path = "Supporting Files";
			sourceTree = "<group>";
		};
		D3A9CEA72B6159140082C089 = {
			isa = PBXGroup;
			children = (
				D3A9CEB22B6159140082C089 /* ToDoListApp */,
				D3A9CEB12B6159140082C089 /* Products */,
			);
			sourceTree = "<group>";
		};
		D3A9CEB12B6159140082C089 /* Products */ = {
			isa = PBXGroup;
			children = (
				D3A9CEB02B6159140082C089 /* ToDoListApp.app */,
			);
			name = Products;
			sourceTree = "<group>";
		};
		D3A9CEB22B6159140082C089 /* ToDoListApp */ = {
			isa = PBXGroup;
			children = (
				D3A9CEB32B6159140082C089 /* AppDelegate.swift */,
				D3A9CEB52B6159140082C089 /* SceneDelegate.swift */,
				D3362C452B7E09F6000487E8 /* Controllers */,
				D3362C442B7E09EA000487E8 /* Data Model */,
				D3362C462B7E0A09000487E8 /* View */,
				D3362C472B7E0CD9000487E8 /* Supporting Files */,
				D3A9CEC42B6159160082C089 /* Info.plist */,
				D3A9CEBC2B6159140082C089 /* ToDoListApp.xcdatamodeld */,
			);
			path = ToDoListApp;
			sourceTree = "<group>";
		};
/* End PBXGroup section */

/* Begin PBXNativeTarget section */
		D3A9CEAF2B6159140082C089 /* ToDoListApp */ = {
			isa = PBXNativeTarget;
			buildConfigurationList = D3A9CEC72B6159160082C089 /* Build configuration list for PBXNativeTarget "ToDoListApp" */;
			buildPhases = (
				D3A9CEAC2B6159140082C089 /* Sources */,
				D3A9CEAD2B6159140082C089 /* Frameworks */,
				D3A9CEAE2B6159140082C089 /* Resources */,
			);
			buildRules = (
			);
			dependencies = (
			);
			name = ToDoListApp;
			productName = ToDoListApp;
			productReference = D3A9CEB02B6159140082C089 /* ToDoListApp.app */;
			productType = "com.apple.product-type.application";
		};
/* End PBXNativeTarget section */

/* Begin PBXProject section */
		D3A9CEA82B6159140082C089 /* Project object */ = {
			isa = PBXProject;
			attributes = {
				BuildIndependentTargetsInParallel = 1;
				LastSwiftUpdateCheck = 1500;
				LastUpgradeCheck = 1500;
				TargetAttributes = {
					D3A9CEAF2B6159140082C089 = {
						CreatedOnToolsVersion = 15.0.1;
					};
				};
			};
			buildConfigurationList = D3A9CEAB2B6159140082C089 /* Build configuration list for PBXProject "ToDoListApp" */;
			compatibilityVersion = "Xcode 14.0";
			developmentRegion = en;
			hasScannedForEncodings = 0;
			knownRegions = (
				en,
				Base,
			);
			mainGroup = D3A9CEA72B6159140082C089;
			productRefGroup = D3A9CEB12B6159140082C089 /* Products */;
			projectDirPath = "";
			projectRoot = "";
			targets = (
				D3A9CEAF2B6159140082C089 /* ToDoListApp */,
			);
		};
/* End PBXProject section */

/* Begin PBXResourcesBuildPhase section */
		D3A9CEAE2B6159140082C089 /* Resources */ = {
			isa = PBXResourcesBuildPhase;
			buildActionMask = 2147483647;
			files = (
				D3A9CEC32B6159160082C089 /* LaunchScreen.storyboard in Resources */,
				D3A9CEC02B6159160082C089 /* Assets.xcassets in Resources */,
				D3A9CEBB2B6159140082C089 /* Main.storyboard in Resources */,
			);
			runOnlyForDeploymentPostprocessing = 0;
		};
/* End PBXResourcesBuildPhase section */

/* Begin PBXSourcesBuildPhase section */
		D3A9CEAC2B6159140082C089 /* Sources */ = {
			isa = PBXSourcesBuildPhase;
			buildActionMask = 2147483647;
			files = (
				D3362C432B7E09DC000487E8 /* Item.swift in Sources */,
				D3A9CEB82B6159140082C089 /* TodoListViewController.swift in Sources */,
				D3A9CEB42B6159140082C089 /* AppDelegate.swift in Sources */,
				D3A9CEB62B6159140082C089 /* SceneDelegate.swift in Sources */,
				D3A9CEBE2B6159140082C089 /* ToDoListApp.xcdatamodeld in Sources */,
			);
			runOnlyForDeploymentPostprocessing = 0;
		};
/* End PBXSourcesBuildPhase section */

/* Begin PBXVariantGroup section */
		D3A9CEB92B6159140082C089 /* Main.storyboard */ = {
			isa = PBXVariantGroup;
			children = (
				D3A9CEBA2B6159140082C089 /* Base */,
			);
			name = Main.storyboard;
			sourceTree = "<group>";
		};
		D3A9CEC12B6159160082C089 /* LaunchScreen.storyboard */ = {
			isa = PBXVariantGroup;
			children = (
				D3A9CEC22B6159160082C089 /* Base */,
			);
			name = LaunchScreen.storyboard;
			sourceTree = "<group>";
		};
/* End PBXVariantGroup section */

/* Begin XCBuildConfiguration section */
		D3A9CEC52B6159160082C089 /* Debug */ = {
			isa = XCBuildConfiguration;
			buildSettings = {
				ALWAYS_SEARCH_USER_PATHS = NO;
				ASSETCATALOG_COMPILER_GENERATE_SWIFT_ASSET_SYMBOL_EXTENSIONS = YES;
				CLANG_ANALYZER_NONNULL = YES;
				CLANG_ANALYZER_NUMBER_OBJECT_CONVERSION = YES_AGGRESSIVE;
				CLANG_CXX_LANGUAGE_STANDARD = "gnu++20";
				CLANG_ENABLE_MODULES = YES;
				CLANG_ENABLE_OBJC_ARC = YES;
				CLANG_ENABLE_OBJC_WEAK = YES;
				CLANG_WARN_BLOCK_CAPTURE_AUTORELEASING = YES;
				CLANG_WARN_BOOL_CONVERSION = YES;
				CLANG_WARN_COMMA = YES;
				CLANG_WARN_CONSTANT_CONVERSION = YES;
				CLANG_WARN_DEPRECATED_OBJC_IMPLEMENTATIONS = YES;
				CLANG_WARN_DIRECT_OBJC_ISA_USAGE = YES_ERROR;
				CLANG_WARN_DOCUMENTATION_COMMENTS = YES;
				CLANG_WARN_EMPTY_BODY = YES;
				CLANG_WARN_ENUM_CONVERSION = YES;
				CLANG_WARN_INFINITE_RECURSION = YES;
				CLANG_WARN_INT_CONVERSION = YES;
				CLANG_WARN_NON_LITERAL_NULL_CONVERSION = YES;
				CLANG_WARN_OBJC_IMPLICIT_RETAIN_SELF = YES;
				CLANG_WARN_OBJC_LITERAL_CONVERSION = YES;
				CLANG_WARN_OBJC_ROOT_CLASS = YES_ERROR;
				CLANG_WARN_QUOTED_INCLUDE_IN_FRAMEWORK_HEADER = YES;
				CLANG_WARN_RANGE_LOOP_ANALYSIS = YES;
				CLANG_WARN_STRICT_PROTOTYPES = YES;
				CLANG_WARN_SUSPICIOUS_MOVE = YES;
				CLANG_WARN_UNGUARDED_AVAILABILITY = YES_AGGRESSIVE;
				CLANG_WARN_UNREACHABLE_CODE = YES;
				CLANG_WARN__DUPLICATE_METHOD_MATCH = YES;
				COPY_PHASE_STRIP = NO;
				DEBUG_INFORMATION_FORMAT = dwarf;
				ENABLE_STRICT_OBJC_MSGSEND = YES;
				ENABLE_TESTABILITY = YES;
				ENABLE_USER_SCRIPT_SANDBOXING = YES;
				GCC_C_LANGUAGE_STANDARD = gnu17;
				GCC_DYNAMIC_NO_PIC = NO;
				GCC_NO_COMMON_BLOCKS = YES;
				GCC_OPTIMIZATION_LEVEL = 0;
				GCC_PREPROCESSOR_DEFINITIONS = (
					"DEBUG=1",
					"$(inherited)",
				);
				GCC_WARN_64_TO_32_BIT_CONVERSION = YES;
				GCC_WARN_ABOUT_RETURN_TYPE = YES_ERROR;
				GCC_WARN_UNDECLARED_SELECTOR = YES;
				GCC_WARN_UNINITIALIZED_AUTOS = YES_AGGRESSIVE;
				GCC_WARN_UNUSED_FUNCTION = YES;
				GCC_WARN_UNUSED_VARIABLE = YES;
				IPHONEOS_DEPLOYMENT_TARGET = 17.0;
				LOCALIZATION_PREFERS_STRING_CATALOGS = YES;
				MTL_ENABLE_DEBUG_INFO = INCLUDE_SOURCE;
				MTL_FAST_MATH = YES;
				ONLY_ACTIVE_ARCH = YES;
				SDKROOT = iphoneos;
				SWIFT_ACTIVE_COMPILATION_CONDITIONS = "DEBUG $(inherited)";
				SWIFT_OPTIMIZATION_LEVEL = "-Onone";
			};
			name = Debug;
		};
		D3A9CEC62B6159160082C089 /* Release */ = {
			isa = XCBuildConfiguration;
			buildSettings = {
				ALWAYS_SEARCH_USER_PATHS = NO;
				ASSETCATALOG_COMPILER_GENERATE_SWIFT_ASSET_SYMBOL_EXTENSIONS = YES;
				CLANG_ANALYZER_NONNULL = YES;
				CLANG_ANALYZER_NUMBER_OBJECT_CONVERSION = YES_AGGRESSIVE;
				CLANG_CXX_LANGUAGE_STANDARD = "gnu++20";
				CLANG_ENABLE_MODULES = YES;
				CLANG_ENABLE_OBJC_ARC = YES;
				CLANG_ENABLE_OBJC_WEAK = YES;
				CLANG_WARN_BLOCK_CAPTURE_AUTORELEASING = YES;
				CLANG_WARN_BOOL_CONVERSION = YES;
				CLANG_WARN_COMMA = YES;
				CLANG_WARN_CONSTANT_CONVERSION = YES;
				CLANG_WARN_DEPRECATED_OBJC_IMPLEMENTATIONS = YES;
				CLANG_WARN_DIRECT_OBJC_ISA_USAGE = YES_ERROR;
				CLANG_WARN_DOCUMENTATION_COMMENTS = YES;
				CLANG_WARN_EMPTY_BODY = YES;
				CLANG_WARN_ENUM_CONVERSION = YES;
				CLANG_WARN_INFINITE_RECURSION = YES;
				CLANG_WARN_INT_CONVERSION = YES;
				CLANG_WARN_NON_LITERAL_NULL_CONVERSION = YES;
				CLANG_WARN_OBJC_IMPLICIT_RETAIN_SELF = YES;
				CLANG_WARN_OBJC_LITERAL_CONVERSION = YES;
				CLANG_WARN_OBJC_ROOT_CLASS = YES_ERROR;
				CLANG_WARN_QUOTED_INCLUDE_IN_FRAMEWORK_HEADER = YES;
				CLANG_WARN_RANGE_LOOP_ANALYSIS = YES;
				CLANG_WARN_STRICT_PROTOTYPES = YES;
				CLANG_WARN_SUSPICIOUS_MOVE = YES;
				CLANG_WARN_UNGUARDED_AVAILABILITY = YES_AGGRESSIVE;
				CLANG_WARN_UNREACHABLE_CODE = YES;
				CLANG_WARN__DUPLICATE_METHOD_MATCH = YES;
				COPY_PHASE_STRIP = NO;
				DEBUG_INFORMATION_FORMAT = "dwarf-with-dsym";
				ENABLE_NS_ASSERTIONS = NO;
				ENABLE_STRICT_OBJC_MSGSEND = YES;
				ENABLE_USER_SCRIPT_SANDBOXING = YES;
				GCC_C_LANGUAGE_STANDARD = gnu17;
				GCC_NO_COMMON_BLOCKS = YES;
				GCC_WARN_64_TO_32_BIT_CONVERSION = YES;
				GCC_WARN_ABOUT_RETURN_TYPE = YES_ERROR;
				GCC_WARN_UNDECLARED_SELECTOR = YES;
				GCC_WARN_UNINITIALIZED_AUTOS = YES_AGGRESSIVE;
				GCC_WARN_UNUSED_FUNCTION = YES;
				GCC_WARN_UNUSED_VARIABLE = YES;
				IPHONEOS_DEPLOYMENT_TARGET = 17.0;
				LOCALIZATION_PREFERS_STRING_CATALOGS = YES;
				MTL_ENABLE_DEBUG_INFO = NO;
				MTL_FAST_MATH = YES;
				SDKROOT = iphoneos;
				SWIFT_COMPILATION_MODE = wholemodule;
				VALIDATE_PRODUCT = YES;
			};
			name = Release;
		};
		D3A9CEC82B6159160082C089 /* Debug */ = {
			isa = XCBuildConfiguration;
			buildSettings = {
				ASSETCATALOG_COMPILER_APPICON_NAME = AppIcon;
				ASSETCATALOG_COMPILER_GLOBAL_ACCENT_COLOR_NAME = AccentColor;
				CODE_SIGN_STYLE = Automatic;
				CURRENT_PROJECT_VERSION = 1;
				DEVELOPMENT_TEAM = Q7MXD9RHSA;
				GENERATE_INFOPLIST_FILE = YES;
				INFOPLIST_FILE = ToDoListApp/Info.plist;
				INFOPLIST_KEY_UIApplicationSupportsIndirectInputEvents = YES;
				INFOPLIST_KEY_UILaunchStoryboardName = LaunchScreen;
				INFOPLIST_KEY_UIMainStoryboardFile = Main;
				INFOPLIST_KEY_UISupportedInterfaceOrientations_iPad = "UIInterfaceOrientationPortrait UIInterfaceOrientationPortraitUpsideDown UIInterfaceOrientationLandscapeLeft UIInterfaceOrientationLandscapeRight";
				INFOPLIST_KEY_UISupportedInterfaceOrientations_iPhone = "UIInterfaceOrientationPortrait UIInterfaceOrientationLandscapeLeft UIInterfaceOrientationLandscapeRight";
				LD_RUNPATH_SEARCH_PATHS = (
					"$(inherited)",
					"@executable_path/Frameworks",
				);
				MARKETING_VERSION = 1.0;
				PRODUCT_BUNDLE_IDENTIFIER = fuatbolat.ToDoListApp;
				PRODUCT_NAME = "$(TARGET_NAME)";
				SWIFT_EMIT_LOC_STRINGS = YES;
				SWIFT_VERSION = 5.0;
				TARGETED_DEVICE_FAMILY = "1,2";
			};
			name = Debug;
		};
		D3A9CEC92B6159160082C089 /* Release */ = {
			isa = XCBuildConfiguration;
			buildSettings = {
				ASSETCATALOG_COMPILER_APPICON_NAME = AppIcon;
				ASSETCATALOG_COMPILER_GLOBAL_ACCENT_COLOR_NAME = AccentColor;
				CODE_SIGN_STYLE = Automatic;
				CURRENT_PROJECT_VERSION = 1;
				DEVELOPMENT_TEAM = Q7MXD9RHSA;
				GENERATE_INFOPLIST_FILE = YES;
				INFOPLIST_FILE = ToDoListApp/Info.plist;
				INFOPLIST_KEY_UIApplicationSupportsIndirectInputEvents = YES;
				INFOPLIST_KEY_UILaunchStoryboardName = LaunchScreen;
				INFOPLIST_KEY_UIMainStoryboardFile = Main;
				INFOPLIST_KEY_UISupportedInterfaceOrientations_iPad = "UIInterfaceOrientationPortrait UIInterfaceOrientationPortraitUpsideDown UIInterfaceOrientationLandscapeLeft UIInterfaceOrientationLandscapeRight";
				INFOPLIST_KEY_UISupportedInterfaceOrientations_iPhone = "UIInterfaceOrientationPortrait UIInterfaceOrientationLandscapeLeft UIInterfaceOrientationLandscapeRight";
				LD_RUNPATH_SEARCH_PATHS = (
					"$(inherited)",
					"@executable_path/Frameworks",
				);
				MARKETING_VERSION = 1.0;
				PRODUCT_BUNDLE_IDENTIFIER = fuatbolat.ToDoListApp;
				PRODUCT_NAME = "$(TARGET_NAME)";
				SWIFT_EMIT_LOC_STRINGS = YES;
				SWIFT_VERSION = 5.0;
				TARGETED_DEVICE_FAMILY = "1,2";
			};
			name = Release;
		};
/* End XCBuildConfiguration section */

/* Begin XCConfigurationList section */
		D3A9CEAB2B6159140082C089 /* Build configuration list for PBXProject "ToDoListApp" */ = {
			isa = XCConfigurationList;
			buildConfigurations = (
				D3A9CEC52B6159160082C089 /* Debug */,
				D3A9CEC62B6159160082C089 /* Release */,
			);
			defaultConfigurationIsVisible = 0;
			defaultConfigurationName = Release;
		};
		D3A9CEC72B6159160082C089 /* Build configuration list for PBXNativeTarget "ToDoListApp" */ = {
			isa = XCConfigurationList;
			buildConfigurations = (
				D3A9CEC82B6159160082C089 /* Debug */,
				D3A9CEC92B6159160082C089 /* Release */,
			);
			defaultConfigurationIsVisible = 0;
			defaultConfigurationName = Release;
		};
/* End XCConfigurationList section */

/* Begin XCVersionGroup section */
		D3A9CEBC2B6159140082C089 /* ToDoListApp.xcdatamodeld */ = {
			isa = XCVersionGroup;
			children = (
				D3A9CEBD2B6159140082C089 /* ToDoListApp.xcdatamodel */,
			);
			currentVersion = D3A9CEBD2B6159140082C089 /* ToDoListApp.xcdatamodel */;
			path = ToDoListApp.xcdatamodeld;
			sourceTree = "<group>";
			versionGroupType = wrapper.xcdatamodel;
		};
/* End XCVersionGroup section */
	};
	rootObject = D3A9CEA82B6159140082C089 /* Project object */;
}
